
Microsoft Visual Studio Solution File, Format Version 12.00
# Visual Studio 15
VisualStudioVersion = 15.0.28307.572
MinimumVisualStudioVersion = 10.0.40219.1
Project("{FAE04EC0-301F-11D3-BF4B-00C04F79EFBC}") = "FotballApp", "FotballApp\FotballApp.csproj", "{7DFA725B-B40F-4CDA-8F5C-E8E0E96BC24F}"
EndProject
Global
	GlobalSection(SolutionConfigurationPlatforms) = preSolution
		Debug|Any CPU = Debug|Any CPU
		Release|Any CPU = Release|Any CPU
	EndGlobalSection
	GlobalSection(ProjectConfigurationPlatforms) = postSolution
		{7DFA725B-B40F-4CDA-8F5C-E8E0E96BC24F}.Debug|Any CPU.ActiveCfg = Debug|Any CPU
		{7DFA725B-B40F-4CDA-8F5C-E8E0E96BC24F}.Debug|Any CPU.Build.0 = Debug|Any CPU
		{7DFA725B-B40F-4CDA-8F5C-E8E0E96BC24F}.Release|Any CPU.ActiveCfg = Release|Any CPU
		{7DFA725B-B40F-4CDA-8F5C-E8E0E96BC24F}.Release|Any CPU.Build.0 = Release|Any CPU
	EndGlobalSection
	GlobalSection(SolutionProperties) = preSolution
		HideSolutionNode = FALSE
	EndGlobalSection
	GlobalSection(ExtensibilityGlobals) = postSolution
		SolutionGuid = {59DBDBF7-BA89-49D0-814E-9F2576E3AA53}
	EndGlobalSection
EndGlobal
